# This file is automatically @generated by Cargo.
# It is not intended for manual editing.
version = 4

[[package]]
name = "fastcull-app"
version = "0.1.0"
dependencies = [
 "fastcull-core",
]

[[package]]
name = "fastcull-cli"
version = "0.1.0"
dependencies = [
 "fastcull-core",
]

[[package]]
name = "fastcull-core"
version = "0.1.0"
